
Microsoft Visual Studio Solution File, Format Version 12.00
# Visual Studio Version 16
VisualStudioVersion = 16.0.31409.214
MinimumVisualStudioVersion = 10.0.40219.1
Project("{FAE04EC0-301F-11D3-BF4B-00C04F79EFBC}") = "Bowling", "Bowling.csproj", "{428A0C1A-D792-4DEC-A11B-C1C4E7154270}"
EndProject
Project("{FAE04EC0-301F-11D3-BF4B-00C04F79EFBC}") = "Bowling.Tests", "..\Bowling.Tests\Bowling.Tests.csproj", "{953B9430-EF82-4E9B-A78F-25833BE6C15D}"
EndProject
Global
	GlobalSection(SolutionConfigurationPlatforms) = preSolution
		Debug|Any CPU = Debug|Any CPU
		Release|Any CPU = Release|Any CPU
	EndGlobalSection
	GlobalSection(ProjectConfigurationPlatforms) = postSolution
		{428A0C1A-D792-4DEC-A11B-C1C4E7154270}.Debug|Any CPU.ActiveCfg = Debug|Any CPU
		{428A0C1A-D792-4DEC-A11B-C1C4E7154270}.Debug|Any CPU.Build.0 = Debug|Any CPU
		{428A0C1A-D792-4DEC-A11B-C1C4E7154270}.Release|Any CPU.ActiveCfg = Release|Any CPU
		{428A0C1A-D792-4DEC-A11B-C1C4E7154270}.Release|Any CPU.Build.0 = Release|Any CPU
		{953B9430-EF82-4E9B-A78F-25833BE6C15D}.Debug|Any CPU.ActiveCfg = Debug|Any CPU
		{953B9430-EF82-4E9B-A78F-25833BE6C15D}.Debug|Any CPU.Build.0 = Debug|Any CPU
		{953B9430-EF82-4E9B-A78F-25833BE6C15D}.Release|Any CPU.ActiveCfg = Release|Any CPU
		{953B9430-EF82-4E9B-A78F-25833BE6C15D}.Release|Any CPU.Build.0 = Release|Any CPU
	EndGlobalSection
	GlobalSection(SolutionProperties) = preSolution
		HideSolutionNode = FALSE
	EndGlobalSection
	GlobalSection(ExtensibilityGlobals) = postSolution
		SolutionGuid = {4307A309-8EA0-4AD7-965D-9C712CC53607}
	EndGlobalSection
EndGlobal
